
Microsoft Visual Studio Solution File, Format Version 12.00
# Visual Studio Version 17
VisualStudioVersion = 17.11.35312.102
MinimumVisualStudioVersion = 10.0.40219.1
Project("{FAE04EC0-301F-11D3-BF4B-00C04F79EFBC}") = "InterpolatedSqlDemo", "InterpolatedSql\InterpolatedSqlDemo.csproj", "{A32FE3AC-F29A-4DE3-8CBE-2BE3AF1A601E}"
EndProject
Global
	GlobalSection(SolutionConfigurationPlatforms) = preSolution
		Debug|Any CPU = Debug|Any CPU
		Release|Any CPU = Release|Any CPU
	EndGlobalSection
	GlobalSection(ProjectConfigurationPlatforms) = postSolution
		{A32FE3AC-F29A-4DE3-8CBE-2BE3AF1A601E}.Debug|Any CPU.ActiveCfg = Debug|Any CPU
		{A32FE3AC-F29A-4DE3-8CBE-2BE3AF1A601E}.Debug|Any CPU.Build.0 = Debug|Any CPU
		{A32FE3AC-F29A-4DE3-8CBE-2BE3AF1A601E}.Release|Any CPU.ActiveCfg = Release|Any CPU
		{A32FE3AC-F29A-4DE3-8CBE-2BE3AF1A601E}.Release|Any CPU.Build.0 = Release|Any CPU
	EndGlobalSection
	GlobalSection(SolutionProperties) = preSolution
		HideSolutionNode = FALSE
	EndGlobalSection
	GlobalSection(ExtensibilityGlobals) = postSolution
		SolutionGuid = {D08E552C-6892-4EA9-8779-4A67B38808B0}
	EndGlobalSection
EndGlobal
